
Microsoft Visual Studio Solution File, Format Version 12.00
# Visual Studio Version 16
VisualStudioVersion = 16.0.31702.278
MinimumVisualStudioVersion = 10.0.40219.1
Project("{FAE04EC0-301F-11D3-BF4B-00C04F79EFBC}") = "Deconvolution", "Deconvolution\Deconvolution.csproj", "{7CD0F5FE-FE2E-44C2-91FF-1DA98588D698}"
EndProject
Global
	GlobalSection(SolutionConfigurationPlatforms) = preSolution
		Debug|Any CPU = Debug|Any CPU
		Release|Any CPU = Release|Any CPU
	EndGlobalSection
	GlobalSection(ProjectConfigurationPlatforms) = postSolution
		{7CD0F5FE-FE2E-44C2-91FF-1DA98588D698}.Debug|Any CPU.ActiveCfg = Debug|Any CPU
		{7CD0F5FE-FE2E-44C2-91FF-1DA98588D698}.Debug|Any CPU.Build.0 = Debug|Any CPU
		{7CD0F5FE-FE2E-44C2-91FF-1DA98588D698}.Release|Any CPU.ActiveCfg = Release|Any CPU
		{7CD0F5FE-FE2E-44C2-91FF-1DA98588D698}.Release|Any CPU.Build.0 = Release|Any CPU
	EndGlobalSection
	GlobalSection(SolutionProperties) = preSolution
		HideSolutionNode = FALSE
	EndGlobalSection
	GlobalSection(ExtensibilityGlobals) = postSolution
		SolutionGuid = {807E4DF1-A578-40C5-9C48-F912DA69BBBE}
	EndGlobalSection
EndGlobal
